
Microsoft Visual Studio Solution File, Format Version 12.00
# Visual Studio Version 16
VisualStudioVersion = 16.0.32630.194
MinimumVisualStudioVersion = 10.0.40219.1
Project("{FAE04EC0-301F-11D3-BF4B-00C04F79EFBC}") = "Blog.Shared", "Blog.Shared\Blog.Shared.csproj", "{FDE9513C-96A7-428A-8361-3AF092B05967}"
EndProject
Project("{FAE04EC0-301F-11D3-BF4B-00C04F79EFBC}") = "Blog.Entities", "Blog.Entities\Blog.Entities.csproj", "{6AF3FAD2-855A-46DC-95B9-960A8CF0CC11}"
EndProject
Project("{FAE04EC0-301F-11D3-BF4B-00C04F79EFBC}") = "Blog.Data", "Blog.Data\Blog.Data.csproj", "{F70A151A-7ED8-4410-9A6C-8E6C36388D9A}"
EndProject
Project("{FAE04EC0-301F-11D3-BF4B-00C04F79EFBC}") = "Blog.Services", "Blog.Services\Blog.Services.csproj", "{981F4B36-6570-4075-9FAD-7A7226DB14A6}"
EndProject
Project("{FAE04EC0-301F-11D3-BF4B-00C04F79EFBC}") = "Blog.UI", "Blog.UI\Blog.UI.csproj", "{9DC463EB-76DB-4893-82DC-2561FE2ABA65}"
EndProject
Global
	GlobalSection(SolutionConfigurationPlatforms) = preSolution
		Debug|Any CPU = Debug|Any CPU
		Release|Any CPU = Release|Any CPU
	EndGlobalSection
	GlobalSection(ProjectConfigurationPlatforms) = postSolution
		{FDE9513C-96A7-428A-8361-3AF092B05967}.Debug|Any CPU.ActiveCfg = Debug|Any CPU
		{FDE9513C-96A7-428A-8361-3AF092B05967}.Debug|Any CPU.Build.0 = Debug|Any CPU
		{FDE9513C-96A7-428A-8361-3AF092B05967}.Release|Any CPU.ActiveCfg = Release|Any CPU
		{FDE9513C-96A7-428A-8361-3AF092B05967}.Release|Any CPU.Build.0 = Release|Any CPU
		{6AF3FAD2-855A-46DC-95B9-960A8CF0CC11}.Debug|Any CPU.ActiveCfg = Debug|Any CPU
		{6AF3FAD2-855A-46DC-95B9-960A8CF0CC11}.Debug|Any CPU.Build.0 = Debug|Any CPU
		{6AF3FAD2-855A-46DC-95B9-960A8CF0CC11}.Release|Any CPU.ActiveCfg = Release|Any CPU
		{6AF3FAD2-855A-46DC-95B9-960A8CF0CC11}.Release|Any CPU.Build.0 = Release|Any CPU
		{F70A151A-7ED8-4410-9A6C-8E6C36388D9A}.Debug|Any CPU.ActiveCfg = Debug|Any CPU
		{F70A151A-7ED8-4410-9A6C-8E6C36388D9A}.Debug|Any CPU.Build.0 = Debug|Any CPU
		{F70A151A-7ED8-4410-9A6C-8E6C36388D9A}.Release|Any CPU.ActiveCfg = Release|Any CPU
		{F70A151A-7ED8-4410-9A6C-8E6C36388D9A}.Release|Any CPU.Build.0 = Release|Any CPU
		{981F4B36-6570-4075-9FAD-7A7226DB14A6}.Debug|Any CPU.ActiveCfg = Debug|Any CPU
		{981F4B36-6570-4075-9FAD-7A7226DB14A6}.Debug|Any CPU.Build.0 = Debug|Any CPU
		{981F4B36-6570-4075-9FAD-7A7226DB14A6}.Release|Any CPU.ActiveCfg = Release|Any CPU
		{981F4B36-6570-4075-9FAD-7A7226DB14A6}.Release|Any CPU.Build.0 = Release|Any CPU
		{9DC463EB-76DB-4893-82DC-2561FE2ABA65}.Debug|Any CPU.ActiveCfg = Debug|Any CPU
		{9DC463EB-76DB-4893-82DC-2561FE2ABA65}.Debug|Any CPU.Build.0 = Debug|Any CPU
		{9DC463EB-76DB-4893-82DC-2561FE2ABA65}.Release|Any CPU.ActiveCfg = Release|Any CPU
		{9DC463EB-76DB-4893-82DC-2561FE2ABA65}.Release|Any CPU.Build.0 = Release|Any CPU
	EndGlobalSection
	GlobalSection(SolutionProperties) = preSolution
		HideSolutionNode = FALSE
	EndGlobalSection
	GlobalSection(ExtensibilityGlobals) = postSolution
		SolutionGuid = {405525EF-C94B-42BE-8E99-6EA0D8E941A5}
	EndGlobalSection
EndGlobal
